
Microsoft Visual Studio Solution File, Format Version 12.00
# Visual Studio Version 16
VisualStudioVersion = 16.0.29613.14
MinimumVisualStudioVersion = 10.0.40219.1
Project("{FAE04EC0-301F-11D3-BF4B-00C04F79EFBC}") = "CodeWars", "CodeWars\CodeWars.csproj", "{9B1F3D44-BF0E-4F98-B25D-236CB5E4356A}"
EndProject
Global
	GlobalSection(SolutionConfigurationPlatforms) = preSolution
		Debug|Any CPU = Debug|Any CPU
		Release|Any CPU = Release|Any CPU
	EndGlobalSection
	GlobalSection(ProjectConfigurationPlatforms) = postSolution
		{9B1F3D44-BF0E-4F98-B25D-236CB5E4356A}.Debug|Any CPU.ActiveCfg = Debug|Any CPU
		{9B1F3D44-BF0E-4F98-B25D-236CB5E4356A}.Debug|Any CPU.Build.0 = Debug|Any CPU
		{9B1F3D44-BF0E-4F98-B25D-236CB5E4356A}.Release|Any CPU.ActiveCfg = Release|Any CPU
		{9B1F3D44-BF0E-4F98-B25D-236CB5E4356A}.Release|Any CPU.Build.0 = Release|Any CPU
	EndGlobalSection
	GlobalSection(SolutionProperties) = preSolution
		HideSolutionNode = FALSE
	EndGlobalSection
	GlobalSection(ExtensibilityGlobals) = postSolution
		SolutionGuid = {0432DA99-6DC5-480F-8662-E829DFF8067B}
	EndGlobalSection
EndGlobal
